
Microsoft Visual Studio Solution File, Format Version 12.00
# Visual Studio Version 16
VisualStudioVersion = 16.0.31729.503
MinimumVisualStudioVersion = 10.0.40219.1
Project("{FAE04EC0-301F-11D3-BF4B-00C04F79EFBC}") = "MyFirstPractice", "MyFirstPractice.csproj", "{8D0EC9C6-1452-4066-B1F3-5ACF259AD57D}"
EndProject
Global
	GlobalSection(SolutionConfigurationPlatforms) = preSolution
		Debug|Any CPU = Debug|Any CPU
		Release|Any CPU = Release|Any CPU
	EndGlobalSection
	GlobalSection(ProjectConfigurationPlatforms) = postSolution
		{8D0EC9C6-1452-4066-B1F3-5ACF259AD57D}.Debug|Any CPU.ActiveCfg = Debug|Any CPU
		{8D0EC9C6-1452-4066-B1F3-5ACF259AD57D}.Debug|Any CPU.Build.0 = Debug|Any CPU
		{8D0EC9C6-1452-4066-B1F3-5ACF259AD57D}.Release|Any CPU.ActiveCfg = Release|Any CPU
		{8D0EC9C6-1452-4066-B1F3-5ACF259AD57D}.Release|Any CPU.Build.0 = Release|Any CPU
	EndGlobalSection
	GlobalSection(SolutionProperties) = preSolution
		HideSolutionNode = FALSE
	EndGlobalSection
	GlobalSection(ExtensibilityGlobals) = postSolution
		SolutionGuid = {7D1ADE51-70F1-4D45-A740-8698B666E9F9}
	EndGlobalSection
EndGlobal
